
Microsoft Visual Studio Solution File, Format Version 12.00
# Visual Studio Version 17
VisualStudioVersion = 17.0.31903.59
MinimumVisualStudioVersion = 10.0.40219.1
Project("{2150E333-8FDC-42A3-9474-1A3956D46DE8}") = "src", "src", "{827E0CD3-B72D-47B6-A68D-7590B98EB39B}"
EndProject
Project("{FAE04EC0-301F-11D3-BF4B-00C04F79EFBC}") = "AuctionService", "src\AuctionService\AuctionService.csproj", "{588FA74F-C1EF-4371-9060-ABAAD0D3D65A}"
EndProject
Project("{FAE04EC0-301F-11D3-BF4B-00C04F79EFBC}") = "SearchService", "src\SearchService\SearchService.csproj", "{33F7D063-B4B5-479E-9CA7-E5E2B38D61F3}"
EndProject
Project("{FAE04EC0-301F-11D3-BF4B-00C04F79EFBC}") = "Contracts", "src\Contracts\Contracts.csproj", "{EB37AE09-27D3-4E10-B2FD-F33296926598}"
EndProject
Project("{FAE04EC0-301F-11D3-BF4B-00C04F79EFBC}") = "IdentityService", "src\IdentityService\IdentityService.csproj", "{CD66B4F6-94FB-4F8A-A221-A78E83805821}"
EndProject
Global
	GlobalSection(SolutionConfigurationPlatforms) = preSolution
		Debug|Any CPU = Debug|Any CPU
		Debug|x64 = Debug|x64
		Debug|x86 = Debug|x86
		Release|Any CPU = Release|Any CPU
		Release|x64 = Release|x64
		Release|x86 = Release|x86
	EndGlobalSection
	GlobalSection(ProjectConfigurationPlatforms) = postSolution
		{588FA74F-C1EF-4371-9060-ABAAD0D3D65A}.Debug|Any CPU.ActiveCfg = Debug|Any CPU
		{588FA74F-C1EF-4371-9060-ABAAD0D3D65A}.Debug|Any CPU.Build.0 = Debug|Any CPU
		{588FA74F-C1EF-4371-9060-ABAAD0D3D65A}.Debug|x64.ActiveCfg = Debug|Any CPU
		{588FA74F-C1EF-4371-9060-ABAAD0D3D65A}.Debug|x64.Build.0 = Debug|Any CPU
		{588FA74F-C1EF-4371-9060-ABAAD0D3D65A}.Debug|x86.ActiveCfg = Debug|Any CPU
		{588FA74F-C1EF-4371-9060-ABAAD0D3D65A}.Debug|x86.Build.0 = Debug|Any CPU
		{588FA74F-C1EF-4371-9060-ABAAD0D3D65A}.Release|Any CPU.ActiveCfg = Release|Any CPU
		{588FA74F-C1EF-4371-9060-ABAAD0D3D65A}.Release|Any CPU.Build.0 = Release|Any CPU
		{588FA74F-C1EF-4371-9060-ABAAD0D3D65A}.Release|x64.ActiveCfg = Release|Any CPU
		{588FA74F-C1EF-4371-9060-ABAAD0D3D65A}.Release|x64.Build.0 = Release|Any CPU
		{588FA74F-C1EF-4371-9060-ABAAD0D3D65A}.Release|x86.ActiveCfg = Release|Any CPU
		{588FA74F-C1EF-4371-9060-ABAAD0D3D65A}.Release|x86.Build.0 = Release|Any CPU
		{33F7D063-B4B5-479E-9CA7-E5E2B38D61F3}.Debug|Any CPU.ActiveCfg = Debug|Any CPU
		{33F7D063-B4B5-479E-9CA7-E5E2B38D61F3}.Debug|Any CPU.Build.0 = Debug|Any CPU
		{33F7D063-B4B5-479E-9CA7-E5E2B38D61F3}.Debug|x64.ActiveCfg = Debug|Any CPU
		{33F7D063-B4B5-479E-9CA7-E5E2B38D61F3}.Debug|x64.Build.0 = Debug|Any CPU
		{33F7D063-B4B5-479E-9CA7-E5E2B38D61F3}.Debug|x86.ActiveCfg = Debug|Any CPU
		{33F7D063-B4B5-479E-9CA7-E5E2B38D61F3}.Debug|x86.Build.0 = Debug|Any CPU
		{33F7D063-B4B5-479E-9CA7-E5E2B38D61F3}.Release|Any CPU.ActiveCfg = Release|Any CPU
		{33F7D063-B4B5-479E-9CA7-E5E2B38D61F3}.Release|Any CPU.Build.0 = Release|Any CPU
		{33F7D063-B4B5-479E-9CA7-E5E2B38D61F3}.Release|x64.ActiveCfg = Release|Any CPU
		{33F7D063-B4B5-479E-9CA7-E5E2B38D61F3}.Release|x64.Build.0 = Release|Any CPU
		{33F7D063-B4B5-479E-9CA7-E5E2B38D61F3}.Release|x86.ActiveCfg = Release|Any CPU
		{33F7D063-B4B5-479E-9CA7-E5E2B38D61F3}.Release|x86.Build.0 = Release|Any CPU
		{EB37AE09-27D3-4E10-B2FD-F33296926598}.Debug|Any CPU.ActiveCfg = Debug|Any CPU
		{EB37AE09-27D3-4E10-B2FD-F33296926598}.Debug|Any CPU.Build.0 = Debug|Any CPU
		{EB37AE09-27D3-4E10-B2FD-F33296926598}.Debug|x64.ActiveCfg = Debug|Any CPU
		{EB37AE09-27D3-4E10-B2FD-F33296926598}.Debug|x64.Build.0 = Debug|Any CPU
		{EB37AE09-27D3-4E10-B2FD-F33296926598}.Debug|x86.ActiveCfg = Debug|Any CPU
		{EB37AE09-27D3-4E10-B2FD-F33296926598}.Debug|x86.Build.0 = Debug|Any CPU
		{EB37AE09-27D3-4E10-B2FD-F33296926598}.Release|Any CPU.ActiveCfg = Release|Any CPU
		{EB37AE09-27D3-4E10-B2FD-F33296926598}.Release|Any CPU.Build.0 = Release|Any CPU
		{EB37AE09-27D3-4E10-B2FD-F33296926598}.Release|x64.ActiveCfg = Release|Any CPU
		{EB37AE09-27D3-4E10-B2FD-F33296926598}.Release|x64.Build.0 = Release|Any CPU
		{EB37AE09-27D3-4E10-B2FD-F33296926598}.Release|x86.ActiveCfg = Release|Any CPU
		{EB37AE09-27D3-4E10-B2FD-F33296926598}.Release|x86.Build.0 = Release|Any CPU
		{CD66B4F6-94FB-4F8A-A221-A78E83805821}.Debug|Any CPU.ActiveCfg = Debug|Any CPU
		{CD66B4F6-94FB-4F8A-A221-A78E83805821}.Debug|Any CPU.Build.0 = Debug|Any CPU
		{CD66B4F6-94FB-4F8A-A221-A78E83805821}.Debug|x64.ActiveCfg = Debug|Any CPU
		{CD66B4F6-94FB-4F8A-A221-A78E83805821}.Debug|x64.Build.0 = Debug|Any CPU
		{CD66B4F6-94FB-4F8A-A221-A78E83805821}.Debug|x86.ActiveCfg = Debug|Any CPU
		{CD66B4F6-94FB-4F8A-A221-A78E83805821}.Debug|x86.Build.0 = Debug|Any CPU
		{CD66B4F6-94FB-4F8A-A221-A78E83805821}.Release|Any CPU.ActiveCfg = Release|Any CPU
		{CD66B4F6-94FB-4F8A-A221-A78E83805821}.Release|Any CPU.Build.0 = Release|Any CPU
		{CD66B4F6-94FB-4F8A-A221-A78E83805821}.Release|x64.ActiveCfg = Release|Any CPU
		{CD66B4F6-94FB-4F8A-A221-A78E83805821}.Release|x64.Build.0 = Release|Any CPU
		{CD66B4F6-94FB-4F8A-A221-A78E83805821}.Release|x86.ActiveCfg = Release|Any CPU
		{CD66B4F6-94FB-4F8A-A221-A78E83805821}.Release|x86.Build.0 = Release|Any CPU
	EndGlobalSection
	GlobalSection(SolutionProperties) = preSolution
		HideSolutionNode = FALSE
	EndGlobalSection
	GlobalSection(NestedProjects) = preSolution
		{588FA74F-C1EF-4371-9060-ABAAD0D3D65A} = {827E0CD3-B72D-47B6-A68D-7590B98EB39B}
		{33F7D063-B4B5-479E-9CA7-E5E2B38D61F3} = {827E0CD3-B72D-47B6-A68D-7590B98EB39B}
		{EB37AE09-27D3-4E10-B2FD-F33296926598} = {827E0CD3-B72D-47B6-A68D-7590B98EB39B}
		{CD66B4F6-94FB-4F8A-A221-A78E83805821} = {827E0CD3-B72D-47B6-A68D-7590B98EB39B}
	EndGlobalSection
EndGlobal
